lockfileVersion: 5.3

specifiers:
  octokit: ^1.7.1
  ts-node: ^10.4.0
  typescript: ^4.5.4

dependencies:
  octokit: 1.7.1

devDependencies:
  ts-node: 10.4.0_typescript@4.5.4
  typescript: 4.5.4

packages:

  /@cspotcode/source-map-consumer/0.8.0:
    resolution: {integrity: sha512-41qniHzTU8yAGbCp04ohlmSrZf8bkf/iJsl3V0dRGsQN/5GFfx+LbCSsCpp2gqrqjTVg/K6O8ycoV35JIwAzAg==}
    engines: {node: '>= 12'}
    dev: true

  /@cspotcode/source-map-support/0.7.0:
    resolution: {integrity: sha512-X4xqRHqN8ACt2aHVe51OxeA2HjbcL4MqFqXkrmQszJ1NOUuUu5u6Vqx/0lZSVNku7velL5FC/s5uEAj1lsBMhA==}
    engines: {node: '>=12'}
    dependencies:
      '@cspotcode/source-map-consumer': 0.8.0
    dev: true

  /@octokit/app/12.0.5:
    resolution: {integrity: sha1-CyVEba/8s2lnsmlEQQ6rHMu6DAY=, tarball: '@octokit/app/download/@octokit/app-12.0.5.tgz'}
    dependencies:
      '@octokit/auth-app': 3.6.1
      '@octokit/auth-unauthenticated': 2.1.0
      '@octokit/core': 3.5.1
      '@octokit/oauth-app': 3.6.0
      '@octokit/plugin-paginate-rest': 2.17.0_@octokit+core@3.5.1
      '@octokit/types': 6.34.0
      '@octokit/webhooks': 9.20.0
    dev: false

  /@octokit/auth-app/3.6.1:
    resolution: {integrity: sha1-qlsCzCERdcvCjObAPHM3PBIG1jI=, tarball: '@octokit/auth-app/download/@octokit/auth-app-3.6.1.tgz'}
    dependencies:
      '@octokit/auth-oauth-app': 4.3.0
      '@octokit/auth-oauth-user': 1.3.0
      '@octokit/request': 5.6.2
      '@octokit/request-error': 2.1.0
      '@octokit/types': 6.34.0
      '@types/lru-cache': 5.1.1
      deprecation: 2.3.1
      lru-cache: 6.0.0
      universal-github-app-jwt: 1.1.0
      universal-user-agent: 6.0.0
    dev: false

  /@octokit/auth-oauth-app/4.3.0:
    resolution: {integrity: sha1-3gLxhDYP/Xz8zvhhBTeE/EQQ5+o=, tarball: '@octokit/auth-oauth-app/download/@octokit/auth-oauth-app-4.3.0.tgz'}
    dependencies:
      '@octokit/auth-oauth-device': 3.1.2
      '@octokit/auth-oauth-user': 1.3.0
      '@octokit/request': 5.6.2
      '@octokit/types': 6.34.0
      '@types/btoa-lite': 1.0.0
      btoa-lite: 1.0.0
      universal-user-agent: 6.0.0
    dev: false

  /@octokit/auth-oauth-device/3.1.2:
    resolution: {integrity: sha1-0pn1H0kWafN/56+HOPWskh5jlzw=, tarball: '@octokit/auth-oauth-device/download/@octokit/auth-oauth-device-3.1.2.tgz'}
    dependencies:
      '@octokit/oauth-methods': 1.2.6
      '@octokit/request': 5.6.2
      '@octokit/types': 6.34.0
      universal-user-agent: 6.0.0
    dev: false

  /@octokit/auth-oauth-user/1.3.0:
    resolution: {integrity: sha1-2k5FKRRRgaaqcXroWK+3br1uM2A=, tarball: '@octokit/auth-oauth-user/download/@octokit/auth-oauth-user-1.3.0.tgz'}
    dependencies:
      '@octokit/auth-oauth-device': 3.1.2
      '@octokit/oauth-methods': 1.2.6
      '@octokit/request': 5.6.2
      '@octokit/types': 6.34.0
      btoa-lite: 1.0.0
      universal-user-agent: 6.0.0
    dev: false

  /@octokit/auth-token/2.5.0:
    resolution: {integrity: sha512-r5FVUJCOLl19AxiuZD2VRZ/ORjp/4IN98Of6YJoJOkY75CIBuYfmiNHGrDwXr+aLGG55igl9QrxX3hbiXlLb+g==}
    dependencies:
      '@octokit/types': 6.34.0
    dev: false

  /@octokit/auth-unauthenticated/2.1.0:
    resolution: {integrity: sha1-75feNmg24J8TDeTiIFvpVfnPExw=, tarball: '@octokit/auth-unauthenticated/download/@octokit/auth-unauthenticated-2.1.0.tgz'}
    dependencies:
      '@octokit/request-error': 2.1.0
      '@octokit/types': 6.34.0
    dev: false

  /@octokit/core/3.5.1:
    resolution: {integrity: sha512-omncwpLVxMP+GLpLPgeGJBF6IWJFjXDS5flY5VbppePYX9XehevbDykRH9PdCdvqt9TS5AOTiDide7h0qrkHjw==}
    dependencies:
      '@octokit/auth-token': 2.5.0
      '@octokit/graphql': 4.8.0
      '@octokit/request': 5.6.2
      '@octokit/request-error': 2.1.0
      '@octokit/types': 6.34.0
      before-after-hook: 2.2.2
      universal-user-agent: 6.0.0
    dev: false

  /@octokit/endpoint/6.0.12:
    resolution: {integrity: sha512-lF3puPwkQWGfkMClXb4k/eUT/nZKQfxinRWJrdZaJO85Dqwo/G0yOC434Jr2ojwafWJMYqFGFa5ms4jJUgujdA==}
    dependencies:
      '@octokit/types': 6.34.0
      is-plain-object: 5.0.0
      universal-user-agent: 6.0.0
    dev: false

  /@octokit/graphql/4.8.0:
    resolution: {integrity: sha512-0gv+qLSBLKF0z8TKaSKTsS39scVKF9dbMxJpj3U0vC7wjNWFuIpL/z76Qe2fiuCbDRcJSavkXsVtMS6/dtQQsg==}
    dependencies:
      '@octokit/request': 5.6.2
      '@octokit/types': 6.34.0
      universal-user-agent: 6.0.0
    dev: false

  /@octokit/oauth-app/3.6.0:
    resolution: {integrity: sha1-NvZgx+trWlzSP2IHqNledLaDTbA=, tarball: '@octokit/oauth-app/download/@octokit/oauth-app-3.6.0.tgz'}
    dependencies:
      '@octokit/auth-oauth-app': 4.3.0
      '@octokit/auth-oauth-user': 1.3.0
      '@octokit/auth-unauthenticated': 2.1.0
      '@octokit/core': 3.5.1
      '@octokit/oauth-authorization-url': 4.3.3
      '@octokit/oauth-methods': 1.2.6
      '@types/aws-lambda': 8.10.87
      fromentries: 1.3.2
      universal-user-agent: 6.0.0
    dev: false

  /@octokit/oauth-authorization-url/4.3.3:
    resolution: {integrity: sha1-am7zjyQwhv7IgrYnRPObUXUo37k=, tarball: '@octokit/oauth-authorization-url/download/@octokit/oauth-authorization-url-4.3.3.tgz'}
    dev: false

  /@octokit/oauth-methods/1.2.6:
    resolution: {integrity: sha1-uaxl43SyzFXundjc3RZVhVBDjqc=, tarball: '@octokit/oauth-methods/download/@octokit/oauth-methods-1.2.6.tgz'}
    dependencies:
      '@octokit/oauth-authorization-url': 4.3.3
      '@octokit/request': 5.6.2
      '@octokit/request-error': 2.1.0
      '@octokit/types': 6.34.0
      btoa-lite: 1.0.0
    dev: false

  /@octokit/openapi-types/11.2.0:
    resolution: {integrity: sha1-s41/w3NtUqHpayMMHM1KWKL0AKY=, tarball: '@octokit/openapi-types/download/@octokit/openapi-types-11.2.0.tgz'}
    dev: false

  /@octokit/plugin-paginate-rest/2.17.0_@octokit+core@3.5.1:
    resolution: {integrity: sha1-MunHyrKjdEIdPQ3iORAih9eRvOc=, tarball: '@octokit/plugin-paginate-rest/download/@octokit/plugin-paginate-rest-2.17.0.tgz'}
    peerDependencies:
      '@octokit/core': '>=2'
    dependencies:
      '@octokit/core': 3.5.1
      '@octokit/types': 6.34.0
    dev: false

  /@octokit/plugin-rest-endpoint-methods/5.13.0_@octokit+core@3.5.1:
    resolution: {integrity: sha1-jEYQkCGjQSIz9vUNKHhvjlUkJ7o=, tarball: '@octokit/plugin-rest-endpoint-methods/download/@octokit/plugin-rest-endpoint-methods-5.13.0.tgz'}
    peerDependencies:
      '@octokit/core': '>=3'
    dependencies:
      '@octokit/core': 3.5.1
      '@octokit/types': 6.34.0
      deprecation: 2.3.1
    dev: false

  /@octokit/plugin-retry/3.0.9:
    resolution: {integrity: sha1-rmJcyh5CsCUwSRAqzXHB1RNHiP4=, tarball: '@octokit/plugin-retry/download/@octokit/plugin-retry-3.0.9.tgz'}
    dependencies:
      '@octokit/types': 6.34.0
      bottleneck: 2.19.5
    dev: false

  /@octokit/plugin-throttling/3.5.2_@octokit+core@3.5.1:
    resolution: {integrity: sha1-ixeXpfFO28oLivYZOUBW7Q7VybU=, tarball: '@octokit/plugin-throttling/download/@octokit/plugin-throttling-3.5.2.tgz'}
    peerDependencies:
      '@octokit/core': ^3.5.0
    dependencies:
      '@octokit/core': 3.5.1
      '@octokit/types': 6.34.0
      bottleneck: 2.19.5
    dev: false

  /@octokit/request-error/2.1.0:
    resolution: {integrity: sha512-1VIvgXxs9WHSjicsRwq8PlR2LR2x6DwsJAaFgzdi0JfJoGSO8mYI/cHJQ+9FbN21aa+DrgNLnwObmyeSC8Rmpg==}
    dependencies:
      '@octokit/types': 6.34.0
      deprecation: 2.3.1
      once: 1.4.0
    dev: false

  /@octokit/request/5.6.2:
    resolution: {integrity: sha512-je66CvSEVf0jCpRISxkUcCa0UkxmFs6eGDRSbfJtAVwbLH5ceqF+YEyC8lj8ystKyZTy8adWr0qmkY52EfOeLA==}
    dependencies:
      '@octokit/endpoint': 6.0.12
      '@octokit/request-error': 2.1.0
      '@octokit/types': 6.34.0
      is-plain-object: 5.0.0
      node-fetch: 2.6.6
      universal-user-agent: 6.0.0
    dev: false

  /@octokit/types/6.34.0:
    resolution: {integrity: sha1-xgITMzNNHs+103CoeYFi3fGughg=, tarball: '@octokit/types/download/@octokit/types-6.34.0.tgz'}
    dependencies:
      '@octokit/openapi-types': 11.2.0
    dev: false

  /@octokit/webhooks-methods/2.0.0:
    resolution: {integrity: sha1-EQi56mYcpsgeSov6Y6Cesn1bwts=, tarball: '@octokit/webhooks-methods/download/@octokit/webhooks-methods-2.0.0.tgz'}
    dev: false

  /@octokit/webhooks-types/4.17.1:
    resolution: {integrity: sha512-L8VCfue+t5oopkPr81f2+LgWLAZbaX6gyu5fVYhWq8QE/QmzdyHuQr5zbUbCfAGAC0a1eRPPYmwPFPFOncku7A==, tarball: '@octokit/webhooks-types/download/@octokit/webhooks-types-4.17.1.tgz'}
    dev: false

  /@octokit/webhooks/9.20.0:
    resolution: {integrity: sha512-NUFZKaQkGJl19FIfyaHdwjpR7XG0ekT3EFICjaz1vOFb/Dp/ebg9hn8bOwTusTsZjD0oPfPWxuHPKprBJ52swA==, tarball: '@octokit/webhooks/download/@octokit/webhooks-9.20.0.tgz'}
    dependencies:
      '@octokit/request-error': 2.1.0
      '@octokit/webhooks-methods': 2.0.0
      '@octokit/webhooks-types': 4.17.1
      aggregate-error: 3.1.0
    dev: false

  /@tsconfig/node10/1.0.8:
    resolution: {integrity: sha512-6XFfSQmMgq0CFLY1MslA/CPUfhIL919M1rMsa5lP2P097N2Wd1sSX0tx1u4olM16fLNhtHZpRhedZJphNJqmZg==}
    dev: true

  /@tsconfig/node12/1.0.9:
    resolution: {integrity: sha512-/yBMcem+fbvhSREH+s14YJi18sp7J9jpuhYByADT2rypfajMZZN4WQ6zBGgBKp53NKmqI36wFYDb3yaMPurITw==}
    dev: true

  /@tsconfig/node14/1.0.1:
    resolution: {integrity: sha512-509r2+yARFfHHE7T6Puu2jjkoycftovhXRqW328PDXTVGKihlb1P8Z9mMZH04ebyajfRY7dedfGynlrFHJUQCg==}
    dev: true

  /@tsconfig/node16/1.0.2:
    resolution: {integrity: sha512-eZxlbI8GZscaGS7kkc/trHTT5xgrjH3/1n2JDwusC9iahPKWMRvRjJSAN5mCXviuTGQ/lHnhvv8Q1YTpnfz9gA==}
    dev: true

  /@types/aws-lambda/8.10.87:
    resolution: {integrity: sha512-fMYSgnIjFsTM3huCzqNvZm9gH4kFY5yIEOKYj9VtTG13TYd+wwweTbYAAO8OclcTbpezK+VsHNWIyHiAHgVCJg==, tarball: '@types/aws-lambda/download/@types/aws-lambda-8.10.87.tgz'}
    dev: false

  /@types/btoa-lite/1.0.0:
    resolution: {integrity: sha1-4ZClpUjgs0itsN+ax/pfEVHHzKQ=, tarball: '@types/btoa-lite/download/@types/btoa-lite-1.0.0.tgz'}
    dev: false

  /@types/jsonwebtoken/8.5.6:
    resolution: {integrity: sha512-+P3O/xC7nzVizIi5VbF34YtqSonFsdnbXBnWUCYRiKOi1f9gA4sEFvXkrGr/QVV23IbMYvcoerI7nnhDUiWXRQ==, tarball: '@types/jsonwebtoken/download/@types/jsonwebtoken-8.5.6.tgz'}
    dependencies:
      '@types/node': 16.11.12
    dev: false

  /@types/lru-cache/5.1.1:
    resolution: {integrity: sha1-xIwuJ7ZdKhU7Gb/BoxfjCHLgHu8=, tarball: '@types/lru-cache/download/@types/lru-cache-5.1.1.tgz'}
    dev: false

  /@types/node/16.11.12:
    resolution: {integrity: sha512-+2Iggwg7PxoO5Kyhvsq9VarmPbIelXP070HMImEpbtGCoyWNINQj4wzjbQCXzdHTRXnqufutJb5KAURZANNBAw==, tarball: '@types/node/download/@types/node-16.11.12.tgz'}
    dev: false

  /aggregate-error/3.1.0:
    resolution: {integrity: sha1-kmcP9Q9TWb23o+DUDQ7DDFc3aHo=, tarball: aggregate-error/download/aggregate-error-3.1.0.tgz}
    engines: {node: '>=8'}
    dependencies:
      clean-stack: 2.2.0
      indent-string: 4.0.0
    dev: false

  /arg/4.1.3:
    resolution: {integrity: sha512-58S9QDqG0Xx27YwPSt9fJxivjYl432YCwfDMfZ+71RAqUrZef7LrKQZ3LHLOwCS4FLNBplP533Zx895SeOCHvA==}
    dev: true

  /before-after-hook/2.2.2:
    resolution: {integrity: sha512-3pZEU3NT5BFUo/AD5ERPWOgQOCZITni6iavr5AUw5AUwQjMlI0kzu5btnyD39AF0gUEsDPwJT+oY1ORBJijPjQ==}
    dev: false

  /bottleneck/2.19.5:
    resolution: {integrity: sha1-XfC5D1n9R2VuvmPHiphBkgXK3ZE=, tarball: bottleneck/download/bottleneck-2.19.5.tgz}
    dev: false

  /btoa-lite/1.0.0:
    resolution: {integrity: sha1-M3dm2hWAEhD92VbCLpxokaudAzc=, tarball: btoa-lite/download/btoa-lite-1.0.0.tgz}
    dev: false

  /buffer-equal-constant-time/1.0.1:
    resolution: {integrity: sha1-+OcRMvf/5uAaXJaXpMbz5I1cyBk=, tarball: buffer-equal-constant-time/download/buffer-equal-constant-time-1.0.1.tgz}
    dev: false

  /clean-stack/2.2.0:
    resolution: {integrity: sha1-7oRy27Ep5yezHooQpCfe6d/kAIs=, tarball: clean-stack/download/clean-stack-2.2.0.tgz}
    engines: {node: '>=6'}
    dev: false

  /create-require/1.1.1:
    resolution: {integrity: sha512-dcKFX3jn0MpIaXjisoRvexIJVEKzaq7z2rZKxf+MSr9TkdmHmsU4m2lcLojrj/FHl8mk5VxMmYA+ftRkP/3oKQ==}
    dev: true

  /deprecation/2.3.1:
    resolution: {integrity: sha1-Y2jL20Cr8zc7UlrIfkomDDpwCRk=, tarball: deprecation/download/deprecation-2.3.1.tgz}
    dev: false

  /diff/4.0.2:
    resolution: {integrity: sha512-58lmxKSA4BNyLz+HHMUzlOEpg09FV+ev6ZMe3vJihgdxzgcwZ8VoEEPmALCZG9LmqfVoNMMKpttIYTVG6uDY7A==}
    engines: {node: '>=0.3.1'}
    dev: true

  /ecdsa-sig-formatter/1.0.11:
    resolution: {integrity: sha1-rg8PothQRe8UqBfao86azQSJ5b8=, tarball: ecdsa-sig-formatter/download/ecdsa-sig-formatter-1.0.11.tgz}
    dependencies:
      safe-buffer: 5.2.1
    dev: false

  /fromentries/1.3.2:
    resolution: {integrity: sha1-5LymgIgWv4+TtSdQ8RJ/Wm/Ybjo=, tarball: fromentries/download/fromentries-1.3.2.tgz}
    dev: false

  /indent-string/4.0.0:
    resolution: {integrity: sha1-Yk+PRJfWGbLZdoUx1Y9BIoVNclE=, tarball: indent-string/download/indent-string-4.0.0.tgz}
    engines: {node: '>=8'}
    dev: false

  /is-plain-object/5.0.0:
    resolution: {integrity: sha512-VRSzKkbMm5jMDoKLbltAkFQ5Qr7VDiTFGXxYFXXowVj387GeGNOCsOH6Msy00SGZ3Fp84b1Naa1psqgcCIEP5Q==}
    engines: {node: '>=0.10.0'}
    dev: false

  /jsonwebtoken/8.5.1:
    resolution: {integrity: sha1-AOceC431TCEhofJhN98igGc7zA0=, tarball: jsonwebtoken/download/jsonwebtoken-8.5.1.tgz}
    engines: {node: '>=4', npm: '>=1.4.28'}
    dependencies:
      jws: 3.2.2
      lodash.includes: 4.3.0
      lodash.isboolean: 3.0.3
      lodash.isinteger: 4.0.4
      lodash.isnumber: 3.0.3
      lodash.isplainobject: 4.0.6
      lodash.isstring: 4.0.1
      lodash.once: 4.1.1
      ms: 2.1.3
      semver: 5.7.1
    dev: false

  /jwa/1.4.1:
    resolution: {integrity: sha1-dDwymFy56YZVUw1TZBtmyGRbA5o=, tarball: jwa/download/jwa-1.4.1.tgz}
    dependencies:
      buffer-equal-constant-time: 1.0.1
      ecdsa-sig-formatter: 1.0.11
      safe-buffer: 5.2.1
    dev: false

  /jws/3.2.2:
    resolution: {integrity: sha1-ABCZ82OUaMlBQADpmZX6UvtHgwQ=, tarball: jws/download/jws-3.2.2.tgz}
    dependencies:
      jwa: 1.4.1
      safe-buffer: 5.2.1
    dev: false

  /lodash.includes/4.3.0:
    resolution: {integrity: sha1-YLuYqHy5I8aMoeUTJUgzFISfVT8=, tarball: lodash.includes/download/lodash.includes-4.3.0.tgz}
    dev: false

  /lodash.isboolean/3.0.3:
    resolution: {integrity: sha1-bC4XHbKiV82WgC/UOwGyDV9YcPY=, tarball: lodash.isboolean/download/lodash.isboolean-3.0.3.tgz}
    dev: false

  /lodash.isinteger/4.0.4:
    resolution: {integrity: sha1-YZwK89A/iwTDH1iChAt3sRzWg0M=, tarball: lodash.isinteger/download/lodash.isinteger-4.0.4.tgz}
    dev: false

  /lodash.isnumber/3.0.3:
    resolution: {integrity: sha1-POdoEMWSjQM1IwGsKHMX8RwLH/w=, tarball: lodash.isnumber/download/lodash.isnumber-3.0.3.tgz}
    dev: false

  /lodash.isplainobject/4.0.6:
    resolution: {integrity: sha1-fFJqUtibRcRcxpC4gWO+BJf1UMs=, tarball: lodash.isplainobject/download/lodash.isplainobject-4.0.6.tgz}
    dev: false

  /lodash.isstring/4.0.1:
    resolution: {integrity: sha1-1SfftUVuynzJu5XV2ur4i6VKVFE=, tarball: lodash.isstring/download/lodash.isstring-4.0.1.tgz}
    dev: false

  /lodash.once/4.1.1:
    resolution: {integrity: sha1-DdOXEhPHxW34gJd9UEyI+0cal6w=, tarball: lodash.once/download/lodash.once-4.1.1.tgz}
    dev: false

  /lru-cache/6.0.0:
    resolution: {integrity: sha1-bW/mVw69lqr5D8rR2vo7JWbbOpQ=, tarball: lru-cache/download/lru-cache-6.0.0.tgz}
    engines: {node: '>=10'}
    dependencies:
      yallist: 4.0.0
    dev: false

  /make-error/1.3.6:
    resolution: {integrity: sha512-s8UhlNe7vPKomQhC1qFelMokr/Sc3AgNbso3n74mVPA5LTZwkB9NlXf4XPamLxJE8h0gh73rM94xvwRT2CVInw==}
    dev: true

  /ms/2.1.3:
    resolution: {integrity: sha1-V0yBOM4dK1hh8LRFedut1gxmFbI=, tarball: ms/download/ms-2.1.3.tgz}
    dev: false

  /node-fetch/2.6.6:
    resolution: {integrity: sha512-Z8/6vRlTUChSdIgMa51jxQ4lrw/Jy5SOW10ObaA47/RElsAN2c5Pn8bTgFGWn/ibwzXTE8qwr1Yzx28vsecXEA==}
    engines: {node: 4.x || >=6.0.0}
    dependencies:
      whatwg-url: 5.0.0
    dev: false

  /octokit/1.7.1:
    resolution: {integrity: sha512-1b7eRgU8uWetHOWr8f9ptnVo2EKbrkOfocMeQdpgCt7tl/LK67HptFsy2Xg4fMjsJ/+onoBJW0hy/fO0In3/uA==, tarball: octokit/download/octokit-1.7.1.tgz}
    dependencies:
      '@octokit/app': 12.0.5
      '@octokit/core': 3.5.1
      '@octokit/oauth-app': 3.6.0
      '@octokit/plugin-paginate-rest': 2.17.0_@octokit+core@3.5.1
      '@octokit/plugin-rest-endpoint-methods': 5.13.0_@octokit+core@3.5.1
      '@octokit/plugin-retry': 3.0.9
      '@octokit/plugin-throttling': 3.5.2_@octokit+core@3.5.1
      '@octokit/types': 6.34.0
    dev: false

  /once/1.4.0:
    resolution: {integrity: sha1-WDsap3WWHUsROsF9nFC6753Xa9E=}
    dependencies:
      wrappy: 1.0.2
    dev: false

  /safe-buffer/5.2.1:
    resolution: {integrity: sha1-Hq+fqb2x/dTsdfWPnNtOa3gn7sY=, tarball: safe-buffer/download/safe-buffer-5.2.1.tgz}
    dev: false

  /semver/5.7.1:
    resolution: {integrity: sha1-qVT5Ma66UI0we78Gnv8MAclhFvc=, tarball: semver/download/semver-5.7.1.tgz}
    hasBin: true
    dev: false

  /tr46/0.0.3:
    resolution: {integrity: sha1-gYT9NH2snNwYWZLzpmIuFLnZq2o=}
    dev: false

  /ts-node/10.4.0_typescript@4.5.4:
    resolution: {integrity: sha512-g0FlPvvCXSIO1JDF6S232P5jPYqBkRL9qly81ZgAOSU7rwI0stphCgd2kLiCrU9DjQCrJMWEqcNSjQL02s6d8A==}
    hasBin: true
    peerDependencies:
      '@swc/core': '>=1.2.50'
      '@swc/wasm': '>=1.2.50'
      '@types/node': '*'
      typescript: '>=2.7'
    peerDependenciesMeta:
      '@swc/core':
        optional: true
      '@swc/wasm':
        optional: true
    dependencies:
      '@cspotcode/source-map-support': 0.7.0
      '@tsconfig/node10': 1.0.8
      '@tsconfig/node12': 1.0.9
      '@tsconfig/node14': 1.0.1
      '@tsconfig/node16': 1.0.2
      acorn: mirrors.tencent.com/acorn/8.6.0
      acorn-walk: mirrors.tencent.com/acorn-walk/8.2.0
      arg: 4.1.3
      create-require: 1.1.1
      diff: 4.0.2
      make-error: 1.3.6
      typescript: 4.5.4
      yn: 3.1.1
    dev: true

  /typescript/4.5.4:
    resolution: {integrity: sha512-VgYs2A2QIRuGphtzFV7aQJduJ2gyfTljngLzjpfW9FoYZF6xuw1W0vW9ghCKLfcWrCFxK81CSGRAvS1pn4fIUg==}
    engines: {node: '>=4.2.0'}
    hasBin: true
    dev: true

  /universal-github-app-jwt/1.1.0:
    resolution: {integrity: sha1-CrqodhAc3x0+TFRr4naIQcDBtRQ=, tarball: universal-github-app-jwt/download/universal-github-app-jwt-1.1.0.tgz}
    dependencies:
      '@types/jsonwebtoken': 8.5.6
      jsonwebtoken: 8.5.1
    dev: false

  /universal-user-agent/6.0.0:
    resolution: {integrity: sha512-isyNax3wXoKaulPDZWHQqbmIx1k2tb9fb3GGDBRxCscfYV2Ch7WxPArBsFEG8s/safwXTT7H4QGhaIkTp9447w==}
    dev: false

  /webidl-conversions/3.0.1:
    resolution: {integrity: sha1-JFNCdeKnvGvnvIZhHMFq4KVlSHE=}
    dev: false

  /whatwg-url/5.0.0:
    resolution: {integrity: sha1-lmRU6HZUYuN2RNNib2dCzotwll0=}
    dependencies:
      tr46: 0.0.3
      webidl-conversions: 3.0.1
    dev: false

  /wrappy/1.0.2:
    resolution: {integrity: sha1-tSQ9jz7BqjXxNkYFvA0QNuMKtp8=}
    dev: false

  /yallist/4.0.0:
    resolution: {integrity: sha1-m7knkNnA7/7GO+c1GeEaNQGaOnI=, tarball: yallist/download/yallist-4.0.0.tgz}
    dev: false

  /yn/3.1.1:
    resolution: {integrity: sha512-Ux4ygGWsu2c7isFWe8Yu1YluJmqVhxqK2cLXNQA5AcC3QfbGNpM7fu0Y8b/z16pXLnFxZYvWhd3fhBY9DLmC6Q==}
    engines: {node: '>=6'}
    dev: true

  mirrors.tencent.com/acorn-walk/8.2.0:
    resolution: {integrity: sha512-k+iyHEuPgSw6SbuDpGQM+06HQUa04DZ3o+F6CSzXMvvI5KMvnaEqXe+YVe555R9nn6GPt404fos4wcgpw12SDA==, registry: https://mirrors.cloud.tencent.com/npm/, tarball: https://mirrors.tencent.com/npm/acorn-walk/-/acorn-walk-8.2.0.tgz}
    name: acorn-walk
    version: 8.2.0
    engines: {node: '>=0.4.0'}
    dev: true

  mirrors.tencent.com/acorn/8.6.0:
    resolution: {integrity: sha512-U1riIR+lBSNi3IbxtaHOIKdH8sLFv3NYfNv8sg7ZsNhcfl4HF2++BfqqrNAxoCLQW1iiylOj76ecnaUxz+z9yw==, registry: https://mirrors.cloud.tencent.com/npm/, tarball: https://mirrors.tencent.com/npm/acorn/-/acorn-8.6.0.tgz}
    name: acorn
    version: 8.6.0
    engines: {node: '>=0.4.0'}
    hasBin: true
    dev: true
